// !$*UTF8*$!
{
	archiveVersion = 1;
	classes = {
	};
	objectVersion = 55;
	objects = {

/* Begin PBXBuildFile section */
		FF4065F928EE43A3008FB025 /* AppDelegate.swift in Sources */ = {isa = PBXBuildFile; fileRef = FF4065F828EE43A3008FB025 /* AppDelegate.swift */; };
		FF4065FB28EE43A3008FB025 /* SceneDelegate.swift in Sources */ = {isa = PBXBuildFile; fileRef = FF4065FA28EE43A3008FB025 /* SceneDelegate.swift */; };
		FF40660328EE43A3008FB025 /* EurekaChallenge.xcdatamodeld in Sources */ = {isa = PBXBuildFile; fileRef = FF40660128EE43A3008FB025 /* EurekaChallenge.xcdatamodeld */; };
		FF40660528EE43A5008FB025 /* Assets.xcassets in Resources */ = {isa = PBXBuildFile; fileRef = FF40660428EE43A5008FB025 /* Assets.xcassets */; };
		FF40660828EE43A5008FB025 /* LaunchScreen.storyboard in Resources */ = {isa = PBXBuildFile; fileRef = FF40660628EE43A5008FB025 /* LaunchScreen.storyboard */; };
		FF40661D28EE43A5008FB025 /* EurekaChallengeUITests.swift in Sources */ = {isa = PBXBuildFile; fileRef = FF40661C28EE43A5008FB025 /* EurekaChallengeUITests.swift */; };
		FF40661F28EE43A5008FB025 /* EurekaChallengeUITestsLaunchTests.swift in Sources */ = {isa = PBXBuildFile; fileRef = FF40661E28EE43A5008FB025 /* EurekaChallengeUITestsLaunchTests.swift */; };
		FF40663128EE4641008FB025 /* AppCoordinator.swift in Sources */ = {isa = PBXBuildFile; fileRef = FF40663028EE4641008FB025 /* AppCoordinator.swift */; };
		FF40663428EE46B5008FB025 /* MainCoordinatorBase.swift in Sources */ = {isa = PBXBuildFile; fileRef = FF40663328EE46B5008FB025 /* MainCoordinatorBase.swift */; };
		FF40663628EE46DF008FB025 /* CoordinatorBase.swift in Sources */ = {isa = PBXBuildFile; fileRef = FF40663528EE46DF008FB025 /* CoordinatorBase.swift */; };
		FF40663828EE4721008FB025 /* GenericCoordinatorBase.swift in Sources */ = {isa = PBXBuildFile; fileRef = FF40663728EE4721008FB025 /* GenericCoordinatorBase.swift */; };
		FF40663D28EE4A50008FB025 /* MainSplitViewController.swift in Sources */ = {isa = PBXBuildFile; fileRef = FF40663B28EE4A50008FB025 /* MainSplitViewController.swift */; };
		FF40663E28EE4A50008FB025 /* MainSplitViewController.xib in Resources */ = {isa = PBXBuildFile; fileRef = FF40663C28EE4A50008FB025 /* MainSplitViewController.xib */; };
		FF40664028EE4AE4008FB025 /* PhotoListCoordinator.swift in Sources */ = {isa = PBXBuildFile; fileRef = FF40663F28EE4AE4008FB025 /* PhotoListCoordinator.swift */; };
		FF40664228EE4B23008FB025 /* CoordinatorBaseProtocols.swift in Sources */ = {isa = PBXBuildFile; fileRef = FF40664128EE4B23008FB025 /* CoordinatorBaseProtocols.swift */; };
		FF40664428EE4D74008FB025 /* PhotoDetailsCoordinator.swift in Sources */ = {isa = PBXBuildFile; fileRef = FF40664328EE4D74008FB025 /* PhotoDetailsCoordinator.swift */; };
		FF40664728EE50DC008FB025 /* PhotoListViewController.swift in Sources */ = {isa = PBXBuildFile; fileRef = FF40664528EE50DC008FB025 /* PhotoListViewController.swift */; };
		FF40664828EE50DC008FB025 /* PhotoListViewController.xib in Resources */ = {isa = PBXBuildFile; fileRef = FF40664628EE50DC008FB025 /* PhotoListViewController.xib */; };
		FF40664B28EE5534008FB025 /* PhotoDetailsViewController.swift in Sources */ = {isa = PBXBuildFile; fileRef = FF40664928EE5534008FB025 /* PhotoDetailsViewController.swift */; };
		FF40664C28EE5534008FB025 /* PhotoDetailsViewController.xib in Resources */ = {isa = PBXBuildFile; fileRef = FF40664A28EE5534008FB025 /* PhotoDetailsViewController.xib */; };
		FF40664F28EEFDB6008FB025 /* AppCoordinator.swift in Sources */ = {isa = PBXBuildFile; fileRef = FF40664E28EEFDB6008FB025 /* AppCoordinator.swift */; };
		FF40665228EEFE30008FB025 /* TestBase.swift in Sources */ = {isa = PBXBuildFile; fileRef = FF40665128EEFE30008FB025 /* TestBase.swift */; };
		FF40665528EEFF30008FB025 /* CoordinatorBaseTests.swift in Sources */ = {isa = PBXBuildFile; fileRef = FF40665428EEFF30008FB025 /* CoordinatorBaseTests.swift */; };
		FF537D3528EF670700C91439 /* ViewDataCompliant.swift in Sources */ = {isa = PBXBuildFile; fileRef = FF537D3428EF670700C91439 /* ViewDataCompliant.swift */; };
		FF537D3E28EFA27F00C91439 /* Mock.swift in Sources */ = {isa = PBXBuildFile; fileRef = FF537D3D28EFA27F00C91439 /* Mock.swift */; };
		FFC8919828F2FD0900D9493E /* CoreDataManager.swift in Sources */ = {isa = PBXBuildFile; fileRef = FFC8919728F2FD0900D9493E /* CoreDataManager.swift */; };
		FFC891AA28F3153F00D9493E /* Photo.swift in Sources */ = {isa = PBXBuildFile; fileRef = FFC891A928F3153F00D9493E /* Photo.swift */; };
		FFC891AC28F31BBC00D9493E /* UIImageTransformer.swift in Sources */ = {isa = PBXBuildFile; fileRef = FFC891AB28F31BBC00D9493E /* UIImageTransformer.swift */; };
		FFC891AE28F3515A00D9493E /* PhotoItemCollectionViewCell.swift in Sources */ = {isa = PBXBuildFile; fileRef = FFC891AD28F3515A00D9493E /* PhotoItemCollectionViewCell.swift */; };
		FFC891B028F35ADF00D9493E /* FactoryCD.swift in Sources */ = {isa = PBXBuildFile; fileRef = FFC891AF28F35ADF00D9493E /* FactoryCD.swift */; };
		FFC891B528F39AFD00D9493E /* LocationService.swift in Sources */ = {isa = PBXBuildFile; fileRef = FFC891B428F39AFC00D9493E /* LocationService.swift */; };
		FFFCFB2928F49A7600D85FCE /* PhotoDetailsCell.swift in Sources */ = {isa = PBXBuildFile; fileRef = FFFCFB2828F49A7600D85FCE /* PhotoDetailsCell.swift */; };
		FFFCFB2C28F4B0E000D85FCE /* PhotoListViewController.swift in Sources */ = {isa = PBXBuildFile; fileRef = FFFCFB2B28F4B0E000D85FCE /* PhotoListViewController.swift */; };
		FFFCFB2F28F4B35200D85FCE /* PhotoItemCollectionViewCellTest.swift in Sources */ = {isa = PBXBuildFile; fileRef = FFFCFB2E28F4B35200D85FCE /* PhotoItemCollectionViewCellTest.swift */; };
/* End PBXBuildFile section */

/* Begin PBXContainerItemProxy section */
		FF40660F28EE43A5008FB025 /* PBXContainerItemProxy */ = {
			isa = PBXContainerItemProxy;
			containerPortal = FF4065ED28EE43A3008FB025 /* Project object */;
			proxyType = 1;
			remoteGlobalIDString = FF4065F428EE43A3008FB025;
			remoteInfo = EurekaChallenge;
		};
		FF40661928EE43A5008FB025 /* PBXContainerItemProxy */ = {
			isa = PBXContainerItemProxy;
			containerPortal = FF4065ED28EE43A3008FB025 /* Project object */;
			proxyType = 1;
			remoteGlobalIDString = FF4065F428EE43A3008FB025;
			remoteInfo = EurekaChallenge;
		};
/* End PBXContainerItemProxy section */

/* Begin PBXFileReference section */
		FF4065F528EE43A3008FB025 /* EurekaChallenge.app */ = {isa = PBXFileReference; explicitFileType = wrapper.application; includeInIndex = 0; path = EurekaChallenge.app; sourceTree = BUILT_PRODUCTS_DIR; };
		FF4065F828EE43A3008FB025 /* AppDelegate.swift */ = {isa = PBXFileReference; lastKnownFileType = sourcecode.swift; path = AppDelegate.swift; sourceTree = "<group>"; };
		FF4065FA28EE43A3008FB025 /* SceneDelegate.swift */ = {isa = PBXFileReference; lastKnownFileType = sourcecode.swift; path = SceneDelegate.swift; sourceTree = "<group>"; };
		FF40660228EE43A3008FB025 /* EurekaChallenge.xcdatamodel */ = {isa = PBXFileReference; lastKnownFileType = wrapper.xcdatamodel; path = EurekaChallenge.xcdatamodel; sourceTree = "<group>"; };
		FF40660428EE43A5008FB025 /* Assets.xcassets */ = {isa = PBXFileReference; lastKnownFileType = folder.assetcatalog; path = Assets.xcassets; sourceTree = "<group>"; };
		FF40660728EE43A5008FB025 /* Base */ = {isa = PBXFileReference; lastKnownFileType = file.storyboard; name = Base; path = Base.lproj/LaunchScreen.storyboard; sourceTree = "<group>"; };
		FF40660928EE43A5008FB025 /* Info.plist */ = {isa = PBXFileReference; lastKnownFileType = text.plist.xml; path = Info.plist; sourceTree = "<group>"; };
		FF40660E28EE43A5008FB025 /* EurekaChallengeTests.xctest */ = {isa = PBXFileReference; explicitFileType = wrapper.cfbundle; includeInIndex = 0; path = EurekaChallengeTests.xctest; sourceTree = BUILT_PRODUCTS_DIR; };
		FF40661828EE43A5008FB025 /* EurekaChallengeUITests.xctest */ = {isa = PBXFileReference; explicitFileType = wrapper.cfbundle; includeInIndex = 0; path = EurekaChallengeUITests.xctest; sourceTree = BUILT_PRODUCTS_DIR; };
		FF40661C28EE43A5008FB025 /* EurekaChallengeUITests.swift */ = {isa = PBXFileReference; lastKnownFileType = sourcecode.swift; path = EurekaChallengeUITests.swift; sourceTree = "<group>"; };
		FF40661E28EE43A5008FB025 /* EurekaChallengeUITestsLaunchTests.swift */ = {isa = PBXFileReference; lastKnownFileType = sourcecode.swift; path = EurekaChallengeUITestsLaunchTests.swift; sourceTree = "<group>"; };
		FF40663028EE4641008FB025 /* AppCoordinator.swift */ = {isa = PBXFileReference; lastKnownFileType = sourcecode.swift; path = AppCoordinator.swift; sourceTree = "<group>"; };
		FF40663328EE46B5008FB025 /* MainCoordinatorBase.swift */ = {isa = PBXFileReference; lastKnownFileType = sourcecode.swift; path = MainCoordinatorBase.swift; sourceTree = "<group>"; };
		FF40663528EE46DF008FB025 /* CoordinatorBase.swift */ = {isa = PBXFileReference; lastKnownFileType = sourcecode.swift; path = CoordinatorBase.swift; sourceTree = "<group>"; };
		FF40663728EE4721008FB025 /* GenericCoordinatorBase.swift */ = {isa = PBXFileReference; lastKnownFileType = sourcecode.swift; path = GenericCoordinatorBase.swift; sourceTree = "<group>"; };
		FF40663B28EE4A50008FB025 /* MainSplitViewController.swift */ = {isa = PBXFileReference; lastKnownFileType = sourcecode.swift; path = MainSplitViewController.swift; sourceTree = "<group>"; };
		FF40663C28EE4A50008FB025 /* MainSplitViewController.xib */ = {isa = PBXFileReference; lastKnownFileType = file.xib; path = MainSplitViewController.xib; sourceTree = "<group>"; };
		FF40663F28EE4AE4008FB025 /* PhotoListCoordinator.swift */ = {isa = PBXFileReference; lastKnownFileType = sourcecode.swift; path = PhotoListCoordinator.swift; sourceTree = "<group>"; };
		FF40664128EE4B23008FB025 /* CoordinatorBaseProtocols.swift */ = {isa = PBXFileReference; lastKnownFileType = sourcecode.swift; path = CoordinatorBaseProtocols.swift; sourceTree = "<group>"; };
		FF40664328EE4D74008FB025 /* PhotoDetailsCoordinator.swift */ = {isa = PBXFileReference; lastKnownFileType = sourcecode.swift; path = PhotoDetailsCoordinator.swift; sourceTree = "<group>"; };
		FF40664528EE50DC008FB025 /* PhotoListViewController.swift */ = {isa = PBXFileReference; lastKnownFileType = sourcecode.swift; path = PhotoListViewController.swift; sourceTree = "<group>"; };
		FF40664628EE50DC008FB025 /* PhotoListViewController.xib */ = {isa = PBXFileReference; lastKnownFileType = file.xib; path = PhotoListViewController.xib; sourceTree = "<group>"; };
		FF40664928EE5534008FB025 /* PhotoDetailsViewController.swift */ = {isa = PBXFileReference; lastKnownFileType = sourcecode.swift; path = PhotoDetailsViewController.swift; sourceTree = "<group>"; };
		FF40664A28EE5534008FB025 /* PhotoDetailsViewController.xib */ = {isa = PBXFileReference; lastKnownFileType = file.xib; path = PhotoDetailsViewController.xib; sourceTree = "<group>"; };
		FF40664E28EEFDB6008FB025 /* AppCoordinator.swift */ = {isa = PBXFileReference; lastKnownFileType = sourcecode.swift; path = AppCoordinator.swift; sourceTree = "<group>"; };
		FF40665128EEFE30008FB025 /* TestBase.swift */ = {isa = PBXFileReference; lastKnownFileType = sourcecode.swift; path = TestBase.swift; sourceTree = "<group>"; };
		FF40665428EEFF30008FB025 /* CoordinatorBaseTests.swift */ = {isa = PBXFileReference; lastKnownFileType = sourcecode.swift; path = CoordinatorBaseTests.swift; sourceTree = "<group>"; };
		FF537D3428EF670700C91439 /* ViewDataCompliant.swift */ = {isa = PBXFileReference; lastKnownFileType = sourcecode.swift; path = ViewDataCompliant.swift; sourceTree = "<group>"; };
		FF537D3D28EFA27F00C91439 /* Mock.swift */ = {isa = PBXFileReference; lastKnownFileType = sourcecode.swift; path = Mock.swift; sourceTree = "<group>"; };
		FFC8919728F2FD0900D9493E /* CoreDataManager.swift */ = {isa = PBXFileReference; lastKnownFileType = sourcecode.swift; path = CoreDataManager.swift; sourceTree = "<group>"; };
		FFC891A928F3153F00D9493E /* Photo.swift */ = {isa = PBXFileReference; lastKnownFileType = sourcecode.swift; path = Photo.swift; sourceTree = "<group>"; };
		FFC891AB28F31BBC00D9493E /* UIImageTransformer.swift */ = {isa = PBXFileReference; lastKnownFileType = sourcecode.swift; path = UIImageTransformer.swift; sourceTree = "<group>"; };
		FFC891AD28F3515A00D9493E /* PhotoItemCollectionViewCell.swift */ = {isa = PBXFileReference; lastKnownFileType = sourcecode.swift; path = PhotoItemCollectionViewCell.swift; sourceTree = "<group>"; };
		FFC891AF28F35ADF00D9493E /* FactoryCD.swift */ = {isa = PBXFileReference; lastKnownFileType = sourcecode.swift; path = FactoryCD.swift; sourceTree = "<group>"; };
		FFC891B428F39AFC00D9493E /* LocationService.swift */ = {isa = PBXFileReference; lastKnownFileType = sourcecode.swift; path = LocationService.swift; sourceTree = "<group>"; };
		FFFCFB2828F49A7600D85FCE /* PhotoDetailsCell.swift */ = {isa = PBXFileReference; lastKnownFileType = sourcecode.swift; path = PhotoDetailsCell.swift; sourceTree = "<group>"; };
		FFFCFB2B28F4B0E000D85FCE /* PhotoListViewController.swift */ = {isa = PBXFileReference; lastKnownFileType = sourcecode.swift; path = PhotoListViewController.swift; sourceTree = "<group>"; };
		FFFCFB2E28F4B35200D85FCE /* PhotoItemCollectionViewCellTest.swift */ = {isa = PBXFileReference; lastKnownFileType = sourcecode.swift; path = PhotoItemCollectionViewCellTest.swift; sourceTree = "<group>"; };
/* End PBXFileReference section */

/* Begin PBXFrameworksBuildPhase section */
		FF4065F228EE43A3008FB025 /* Frameworks */ = {
			isa = PBXFrameworksBuildPhase;
			buildActionMask = 2147483647;
			files = (
			);
			runOnlyForDeploymentPostprocessing = 0;
		};
		FF40660B28EE43A5008FB025 /* Frameworks */ = {
			isa = PBXFrameworksBuildPhase;
			buildActionMask = 2147483647;
			files = (
			);
			runOnlyForDeploymentPostprocessing = 0;
		};
		FF40661528EE43A5008FB025 /* Frameworks */ = {
			isa = PBXFrameworksBuildPhase;
			buildActionMask = 2147483647;
			files = (
			);
			runOnlyForDeploymentPostprocessing = 0;
		};
/* End PBXFrameworksBuildPhase section */

/* Begin PBXGroup section */
		FF4065EC28EE43A3008FB025 = {
			isa = PBXGroup;
			children = (
				FF4065F728EE43A3008FB025 /* EurekaChallenge */,
				FF40661128EE43A5008FB025 /* EurekaChallengeTests */,
				FF40661B28EE43A5008FB025 /* EurekaChallengeUITests */,
				FF4065F628EE43A3008FB025 /* Products */,
			);
			sourceTree = "<group>";
		};
		FF4065F628EE43A3008FB025 /* Products */ = {
			isa = PBXGroup;
			children = (
				FF4065F528EE43A3008FB025 /* EurekaChallenge.app */,
				FF40660E28EE43A5008FB025 /* EurekaChallengeTests.xctest */,
				FF40661828EE43A5008FB025 /* EurekaChallengeUITests.xctest */,
			);
			name = Products;
			sourceTree = "<group>";
		};
		FF4065F728EE43A3008FB025 /* EurekaChallenge */ = {
			isa = PBXGroup;
			children = (
				FFC891B328F39AE700D9493E /* LocationService */,
				FFC8919D28F300F900D9493E /* DataSource */,
				FFC8919628F2FACF00D9493E /* CoreData */,
				FF537D3C28EFA24900C91439 /* Mock */,
				FF537D3B28EFA21A00C91439 /* InmmutableModels */,
				FF537D3A28EF8CF600C91439 /* UIComponents */,
				FF40663228EE4692008FB025 /* Classses */,
				FF40662D28EE447E008FB025 /* Protocols */,
				FF40662C28EE446B008FB025 /* Coordinators */,
				FF40662B28EE445F008FB025 /* ViewControllers */,
				FF4065F828EE43A3008FB025 /* AppDelegate.swift */,
				FF4065FA28EE43A3008FB025 /* SceneDelegate.swift */,
				FF40660428EE43A5008FB025 /* Assets.xcassets */,
				FF40660628EE43A5008FB025 /* LaunchScreen.storyboard */,
				FF40660928EE43A5008FB025 /* Info.plist */,
			);
			path = EurekaChallenge;
			sourceTree = "<group>";
		};
		FF40661128EE43A5008FB025 /* EurekaChallengeTests */ = {
			isa = PBXGroup;
			children = (
				FFFCFB2D28F4B31C00D85FCE /* UIComponentests */,
				FFFCFB2A28F4B0A800D85FCE /* UIViewCTest */,
				FF40665328EEFF0B008FB025 /* ClasssesTest */,
				FF40665028EEFE12008FB025 /* ProtocolsTests */,
				FF40664D28EEFD97008FB025 /* CoordinatorTests */,
			);
			path = EurekaChallengeTests;
			sourceTree = "<group>";
		};
		FF40661B28EE43A5008FB025 /* EurekaChallengeUITests */ = {
			isa = PBXGroup;
			children = (
				FF40661C28EE43A5008FB025 /* EurekaChallengeUITests.swift */,
				FF40661E28EE43A5008FB025 /* EurekaChallengeUITestsLaunchTests.swift */,
			);
			path = EurekaChallengeUITests;
			sourceTree = "<group>";
		};
		FF40662B28EE445F008FB025 /* ViewControllers */ = {
			isa = PBXGroup;
			children = (
				FF40663B28EE4A50008FB025 /* MainSplitViewController.swift */,
				FF40663C28EE4A50008FB025 /* MainSplitViewController.xib */,
				FF40664528EE50DC008FB025 /* PhotoListViewController.swift */,
				FF40664628EE50DC008FB025 /* PhotoListViewController.xib */,
				FF40664928EE5534008FB025 /* PhotoDetailsViewController.swift */,
				FF40664A28EE5534008FB025 /* PhotoDetailsViewController.xib */,
			);
			path = ViewControllers;
			sourceTree = "<group>";
		};
		FF40662C28EE446B008FB025 /* Coordinators */ = {
			isa = PBXGroup;
			children = (
				FF40663028EE4641008FB025 /* AppCoordinator.swift */,
				FF40663F28EE4AE4008FB025 /* PhotoListCoordinator.swift */,
				FF40664328EE4D74008FB025 /* PhotoDetailsCoordinator.swift */,
			);
			path = Coordinators;
			sourceTree = "<group>";
		};
		FF40662D28EE447E008FB025 /* Protocols */ = {
			isa = PBXGroup;
			children = (
				FF40664128EE4B23008FB025 /* CoordinatorBaseProtocols.swift */,
				FF537D3428EF670700C91439 /* ViewDataCompliant.swift */,
			);
			path = Protocols;
			sourceTree = "<group>";
		};
		FF40663228EE4692008FB025 /* Classses */ = {
			isa = PBXGroup;
			children = (
				FF40663328EE46B5008FB025 /* MainCoordinatorBase.swift */,
				FF40663528EE46DF008FB025 /* CoordinatorBase.swift */,
				FF40663728EE4721008FB025 /* GenericCoordinatorBase.swift */,
			);
			path = Classses;
			sourceTree = "<group>";
		};
		FF40664D28EEFD97008FB025 /* CoordinatorTests */ = {
			isa = PBXGroup;
			children = (
				FF40664E28EEFDB6008FB025 /* AppCoordinator.swift */,
			);
			path = CoordinatorTests;
			sourceTree = "<group>";
		};
		FF40665028EEFE12008FB025 /* ProtocolsTests */ = {
			isa = PBXGroup;
			children = (
				FF40665128EEFE30008FB025 /* TestBase.swift */,
			);
			path = ProtocolsTests;
			sourceTree = "<group>";
		};
		FF40665328EEFF0B008FB025 /* ClasssesTest */ = {
			isa = PBXGroup;
			children = (
				FF40665428EEFF30008FB025 /* CoordinatorBaseTests.swift */,
			);
			path = ClasssesTest;
			sourceTree = "<group>";
		};
		FF537D3A28EF8CF600C91439 /* UIComponents */ = {
			isa = PBXGroup;
			children = (
				FFC891AD28F3515A00D9493E /* PhotoItemCollectionViewCell.swift */,
				FFFCFB2828F49A7600D85FCE /* PhotoDetailsCell.swift */,
			);
			path = UIComponents;
			sourceTree = "<group>";
		};
		FF537D3B28EFA21A00C91439 /* InmmutableModels */ = {
			isa = PBXGroup;
			children = (
				FFC891A928F3153F00D9493E /* Photo.swift */,
			);
			path = InmmutableModels;
			sourceTree = "<group>";
		};
		FF537D3C28EFA24900C91439 /* Mock */ = {
			isa = PBXGroup;
			children = (
				FF537D3D28EFA27F00C91439 /* Mock.swift */,
			);
			path = Mock;
			sourceTree = "<group>";
		};
		FFC8919628F2FACF00D9493E /* CoreData */ = {
			isa = PBXGroup;
			children = (
				FFC8919728F2FD0900D9493E /* CoreDataManager.swift */,
				FFC891AB28F31BBC00D9493E /* UIImageTransformer.swift */,
				FFC891AF28F35ADF00D9493E /* FactoryCD.swift */,
			);
			path = CoreData;
			sourceTree = "<group>";
		};
		FFC8919D28F300F900D9493E /* DataSource */ = {
			isa = PBXGroup;
			children = (
				FF40660128EE43A3008FB025 /* EurekaChallenge.xcdatamodeld */,
			);
			path = DataSource;
			sourceTree = "<group>";
		};
		FFC891B328F39AE700D9493E /* LocationService */ = {
			isa = PBXGroup;
			children = (
				FFC891B428F39AFC00D9493E /* LocationService.swift */,
			);
			path = LocationService;
			sourceTree = "<group>";
		};
		FFFCFB2A28F4B0A800D85FCE /* UIViewCTest */ = {
			isa = PBXGroup;
			children = (
				FFFCFB2B28F4B0E000D85FCE /* PhotoListViewController.swift */,
			);
			path = UIViewCTest;
			sourceTree = "<group>";
		};
		FFFCFB2D28F4B31C00D85FCE /* UIComponentests */ = {
			isa = PBXGroup;
			children = (
				FFFCFB2E28F4B35200D85FCE /* PhotoItemCollectionViewCellTest.swift */,
			);
			path = UIComponentests;
			sourceTree = "<group>";
		};
/* End PBXGroup section */

/* Begin PBXNativeTarget section */
		FF4065F428EE43A3008FB025 /* EurekaChallenge */ = {
			isa = PBXNativeTarget;
			buildConfigurationList = FF40662228EE43A5008FB025 /* Build configuration list for PBXNativeTarget "EurekaChallenge" */;
			buildPhases = (
				FF4065F128EE43A3008FB025 /* Sources */,
				FF4065F228EE43A3008FB025 /* Frameworks */,
				FF4065F328EE43A3008FB025 /* Resources */,
			);
			buildRules = (
			);
			dependencies = (
			);
			name = EurekaChallenge;
			productName = EurekaChallenge;
			productReference = FF4065F528EE43A3008FB025 /* EurekaChallenge.app */;
			productType = "com.apple.product-type.application";
		};
		FF40660D28EE43A5008FB025 /* EurekaChallengeTests */ = {
			isa = PBXNativeTarget;
			buildConfigurationList = FF40662528EE43A5008FB025 /* Build configuration list for PBXNativeTarget "EurekaChallengeTests" */;
			buildPhases = (
				FF40660A28EE43A5008FB025 /* Sources */,
				FF40660B28EE43A5008FB025 /* Frameworks */,
				FF40660C28EE43A5008FB025 /* Resources */,
			);
			buildRules = (
			);
			dependencies = (
				FF40661028EE43A5008FB025 /* PBXTargetDependency */,
			);
			name = EurekaChallengeTests;
			productName = EurekaChallengeTests;
			productReference = FF40660E28EE43A5008FB025 /* EurekaChallengeTests.xctest */;
			productType = "com.apple.product-type.bundle.unit-test";
		};
		FF40661728EE43A5008FB025 /* EurekaChallengeUITests */ = {
			isa = PBXNativeTarget;
			buildConfigurationList = FF40662828EE43A5008FB025 /* Build configuration list for PBXNativeTarget "EurekaChallengeUITests" */;
			buildPhases = (
				FF40661428EE43A5008FB025 /* Sources */,
				FF40661528EE43A5008FB025 /* Frameworks */,
				FF40661628EE43A5008FB025 /* Resources */,
			);
			buildRules = (
			);
			dependencies = (
				FF40661A28EE43A5008FB025 /* PBXTargetDependency */,
			);
			name = EurekaChallengeUITests;
			productName = EurekaChallengeUITests;
			productReference = FF40661828EE43A5008FB025 /* EurekaChallengeUITests.xctest */;
			productType = "com.apple.product-type.bundle.ui-testing";
		};
/* End PBXNativeTarget section */

/* Begin PBXProject section */
		FF4065ED28EE43A3008FB025 /* Project object */ = {
			isa = PBXProject;
			attributes = {
				BuildIndependentTargetsInParallel = 1;
				LastSwiftUpdateCheck = 1340;
				LastUpgradeCheck = 1340;
				TargetAttributes = {
					FF4065F428EE43A3008FB025 = {
						CreatedOnToolsVersion = 13.4;
					};
					FF40660D28EE43A5008FB025 = {
						CreatedOnToolsVersion = 13.4;
						TestTargetID = FF4065F428EE43A3008FB025;
					};
					FF40661728EE43A5008FB025 = {
						CreatedOnToolsVersion = 13.4;
						TestTargetID = FF4065F428EE43A3008FB025;
					};
				};
			};
			buildConfigurationList = FF4065F028EE43A3008FB025 /* Build configuration list for PBXProject "EurekaChallenge" */;
			compatibilityVersion = "Xcode 13.0";
			developmentRegion = en;
			hasScannedForEncodings = 0;
			knownRegions = (
				en,
				Base,
			);
			mainGroup = FF4065EC28EE43A3008FB025;
			productRefGroup = FF4065F628EE43A3008FB025 /* Products */;
			projectDirPath = "";
			projectRoot = "";
			targets = (
				FF4065F428EE43A3008FB025 /* EurekaChallenge */,
				FF40660D28EE43A5008FB025 /* EurekaChallengeTests */,
				FF40661728EE43A5008FB025 /* EurekaChallengeUITests */,
			);
		};
/* End PBXProject section */

/* Begin PBXResourcesBuildPhase section */
		FF4065F328EE43A3008FB025 /* Resources */ = {
			isa = PBXResourcesBuildPhase;
			buildActionMask = 2147483647;
			files = (
				FF40664C28EE5534008FB025 /* PhotoDetailsViewController.xib in Resources */,
				FF40664828EE50DC008FB025 /* PhotoListViewController.xib in Resources */,
				FF40663E28EE4A50008FB025 /* MainSplitViewController.xib in Resources */,
				FF40660828EE43A5008FB025 /* LaunchScreen.storyboard in Resources */,
				FF40660528EE43A5008FB025 /* Assets.xcassets in Resources */,
			);
			runOnlyForDeploymentPostprocessing = 0;
		};
		FF40660C28EE43A5008FB025 /* Resources */ = {
			isa = PBXResourcesBuildPhase;
			buildActionMask = 2147483647;
			files = (
			);
			runOnlyForDeploymentPostprocessing = 0;
		};
		FF40661628EE43A5008FB025 /* Resources */ = {
			isa = PBXResourcesBuildPhase;
			buildActionMask = 2147483647;
			files = (
			);
			runOnlyForDeploymentPostprocessing = 0;
		};
/* End PBXResourcesBuildPhase section */

/* Begin PBXSourcesBuildPhase section */
		FF4065F128EE43A3008FB025 /* Sources */ = {
			isa = PBXSourcesBuildPhase;
			buildActionMask = 2147483647;
			files = (
				FF40664B28EE5534008FB025 /* PhotoDetailsViewController.swift in Sources */,
				FF40663128EE4641008FB025 /* AppCoordinator.swift in Sources */,
				FF40663828EE4721008FB025 /* GenericCoordinatorBase.swift in Sources */,
				FFC891AC28F31BBC00D9493E /* UIImageTransformer.swift in Sources */,
				FFC8919828F2FD0900D9493E /* CoreDataManager.swift in Sources */,
				FFC891B528F39AFD00D9493E /* LocationService.swift in Sources */,
				FFFCFB2928F49A7600D85FCE /* PhotoDetailsCell.swift in Sources */,
				FF40663428EE46B5008FB025 /* MainCoordinatorBase.swift in Sources */,
				FF40664728EE50DC008FB025 /* PhotoListViewController.swift in Sources */,
				FF40664028EE4AE4008FB025 /* PhotoListCoordinator.swift in Sources */,
				FFC891AE28F3515A00D9493E /* PhotoItemCollectionViewCell.swift in Sources */,
				FFC891B028F35ADF00D9493E /* FactoryCD.swift in Sources */,
				FF40664228EE4B23008FB025 /* CoordinatorBaseProtocols.swift in Sources */,
				FF40660328EE43A3008FB025 /* EurekaChallenge.xcdatamodeld in Sources */,
				FF40663628EE46DF008FB025 /* CoordinatorBase.swift in Sources */,
				FF537D3528EF670700C91439 /* ViewDataCompliant.swift in Sources */,
				FF40664428EE4D74008FB025 /* PhotoDetailsCoordinator.swift in Sources */,
				FF4065F928EE43A3008FB025 /* AppDelegate.swift in Sources */,
				FF40663D28EE4A50008FB025 /* MainSplitViewController.swift in Sources */,
				FFC891AA28F3153F00D9493E /* Photo.swift in Sources */,
				FF4065FB28EE43A3008FB025 /* SceneDelegate.swift in Sources */,
				FF537D3E28EFA27F00C91439 /* Mock.swift in Sources */,
			);
			runOnlyForDeploymentPostprocessing = 0;
		};
		FF40660A28EE43A5008FB025 /* Sources */ = {
			isa = PBXSourcesBuildPhase;
			buildActionMask = 2147483647;
			files = (
				FF40665228EEFE30008FB025 /* TestBase.swift in Sources */,
				FFFCFB2F28F4B35200D85FCE /* PhotoItemCollectionViewCellTest.swift in Sources */,
				FFFCFB2C28F4B0E000D85FCE /* PhotoListViewController.swift in Sources */,
				FF40664F28EEFDB6008FB025 /* AppCoordinator.swift in Sources */,
				FF40665528EEFF30008FB025 /* CoordinatorBaseTests.swift in Sources */,
			);
			runOnlyForDeploymentPostprocessing = 0;
		};
		FF40661428EE43A5008FB025 /* Sources */ = {
			isa = PBXSourcesBuildPhase;
			buildActionMask = 2147483647;
			files = (
				FF40661D28EE43A5008FB025 /* EurekaChallengeUITests.swift in Sources */,
				FF40661F28EE43A5008FB025 /* EurekaChallengeUITestsLaunchTests.swift in Sources */,
			);
			runOnlyForDeploymentPostprocessing = 0;
		};
/* End PBXSourcesBuildPhase section */

/* Begin PBXTargetDependency section */
		FF40661028EE43A5008FB025 /* PBXTargetDependency */ = {
			isa = PBXTargetDependency;
			target = FF4065F428EE43A3008FB025 /* EurekaChallenge */;
			targetProxy = FF40660F28EE43A5008FB025 /* PBXContainerItemProxy */;
		};
		FF40661A28EE43A5008FB025 /* PBXTargetDependency */ = {
			isa = PBXTargetDependency;
			target = FF4065F428EE43A3008FB025 /* EurekaChallenge */;
			targetProxy = FF40661928EE43A5008FB025 /* PBXContainerItemProxy */;
		};
/* End PBXTargetDependency section */

/* Begin PBXVariantGroup section */
		FF40660628EE43A5008FB025 /* LaunchScreen.storyboard */ = {
			isa = PBXVariantGroup;
			children = (
				FF40660728EE43A5008FB025 /* Base */,
			);
			name = LaunchScreen.storyboard;
			sourceTree = "<group>";
		};
/* End PBXVariantGroup section */

/* Begin XCBuildConfiguration section */
		FF40662028EE43A5008FB025 /* Debug */ = {
			isa = XCBuildConfiguration;
			buildSettings = {
				ALWAYS_SEARCH_USER_PATHS = NO;
				CLANG_ANALYZER_NONNULL = YES;
				CLANG_ANALYZER_NUMBER_OBJECT_CONVERSION = YES_AGGRESSIVE;
				CLANG_CXX_LANGUAGE_STANDARD = "gnu++17";
				CLANG_ENABLE_MODULES = YES;
				CLANG_ENABLE_OBJC_ARC = YES;
				CLANG_ENABLE_OBJC_WEAK = YES;
				CLANG_WARN_BLOCK_CAPTURE_AUTORELEASING = YES;
				CLANG_WARN_BOOL_CONVERSION = YES;
				CLANG_WARN_COMMA = YES;
				CLANG_WARN_CONSTANT_CONVERSION = YES;
				CLANG_WARN_DEPRECATED_OBJC_IMPLEMENTATIONS = YES;
				CLANG_WARN_DIRECT_OBJC_ISA_USAGE = YES_ERROR;
				CLANG_WARN_DOCUMENTATION_COMMENTS = YES;
				CLANG_WARN_EMPTY_BODY = YES;
				CLANG_WARN_ENUM_CONVERSION = YES;
				CLANG_WARN_INFINITE_RECURSION = YES;
				CLANG_WARN_INT_CONVERSION = YES;
				CLANG_WARN_NON_LITERAL_NULL_CONVERSION = YES;
				CLANG_WARN_OBJC_IMPLICIT_RETAIN_SELF = YES;
				CLANG_WARN_OBJC_LITERAL_CONVERSION = YES;
				CLANG_WARN_OBJC_ROOT_CLASS = YES_ERROR;
				CLANG_WARN_QUOTED_INCLUDE_IN_FRAMEWORK_HEADER = YES;
				CLANG_WARN_RANGE_LOOP_ANALYSIS = YES;
				CLANG_WARN_STRICT_PROTOTYPES = YES;
				CLANG_WARN_SUSPICIOUS_MOVE = YES;
				CLANG_WARN_UNGUARDED_AVAILABILITY = YES_AGGRESSIVE;
				CLANG_WARN_UNREACHABLE_CODE = YES;
				CLANG_WARN__DUPLICATE_METHOD_MATCH = YES;
				COPY_PHASE_STRIP = NO;
				DEBUG_INFORMATION_FORMAT = dwarf;
				ENABLE_STRICT_OBJC_MSGSEND = YES;
				ENABLE_TESTABILITY = YES;
				GCC_C_LANGUAGE_STANDARD = gnu11;
				GCC_DYNAMIC_NO_PIC = NO;
				GCC_NO_COMMON_BLOCKS = YES;
				GCC_OPTIMIZATION_LEVEL = 0;
				GCC_PREPROCESSOR_DEFINITIONS = (
					"DEBUG=1",
					"$(inherited)",
				);
				GCC_WARN_64_TO_32_BIT_CONVERSION = YES;
				GCC_WARN_ABOUT_RETURN_TYPE = YES_ERROR;
				GCC_WARN_UNDECLARED_SELECTOR = YES;
				GCC_WARN_UNINITIALIZED_AUTOS = YES_AGGRESSIVE;
				GCC_WARN_UNUSED_FUNCTION = YES;
				GCC_WARN_UNUSED_VARIABLE = YES;
				IPHONEOS_DEPLOYMENT_TARGET = 15.5;
				MTL_ENABLE_DEBUG_INFO = INCLUDE_SOURCE;
				MTL_FAST_MATH = YES;
				ONLY_ACTIVE_ARCH = YES;
				SDKROOT = iphoneos;
				SWIFT_ACTIVE_COMPILATION_CONDITIONS = DEBUG;
				SWIFT_OPTIMIZATION_LEVEL = "-Onone";
			};
			name = Debug;
		};
		FF40662128EE43A5008FB025 /* Release */ = {
			isa = XCBuildConfiguration;
			buildSettings = {
				ALWAYS_SEARCH_USER_PATHS = NO;
				CLANG_ANALYZER_NONNULL = YES;
				CLANG_ANALYZER_NUMBER_OBJECT_CONVERSION = YES_AGGRESSIVE;
				CLANG_CXX_LANGUAGE_STANDARD = "gnu++17";
				CLANG_ENABLE_MODULES = YES;
				CLANG_ENABLE_OBJC_ARC = YES;
				CLANG_ENABLE_OBJC_WEAK = YES;
				CLANG_WARN_BLOCK_CAPTURE_AUTORELEASING = YES;
				CLANG_WARN_BOOL_CONVERSION = YES;
				CLANG_WARN_COMMA = YES;
				CLANG_WARN_CONSTANT_CONVERSION = YES;
				CLANG_WARN_DEPRECATED_OBJC_IMPLEMENTATIONS = YES;
				CLANG_WARN_DIRECT_OBJC_ISA_USAGE = YES_ERROR;
				CLANG_WARN_DOCUMENTATION_COMMENTS = YES;
				CLANG_WARN_EMPTY_BODY = YES;
				CLANG_WARN_ENUM_CONVERSION = YES;
				CLANG_WARN_INFINITE_RECURSION = YES;
				CLANG_WARN_INT_CONVERSION = YES;
				CLANG_WARN_NON_LITERAL_NULL_CONVERSION = YES;
				CLANG_WARN_OBJC_IMPLICIT_RETAIN_SELF = YES;
				CLANG_WARN_OBJC_LITERAL_CONVERSION = YES;
				CLANG_WARN_OBJC_ROOT_CLASS = YES_ERROR;
				CLANG_WARN_QUOTED_INCLUDE_IN_FRAMEWORK_HEADER = YES;
				CLANG_WARN_RANGE_LOOP_ANALYSIS = YES;
				CLANG_WARN_STRICT_PROTOTYPES = YES;
				CLANG_WARN_SUSPICIOUS_MOVE = YES;
				CLANG_WARN_UNGUARDED_AVAILABILITY = YES_AGGRESSIVE;
				CLANG_WARN_UNREACHABLE_CODE = YES;
				CLANG_WARN__DUPLICATE_METHOD_MATCH = YES;
				COPY_PHASE_STRIP = NO;
				DEBUG_INFORMATION_FORMAT = "dwarf-with-dsym";
				ENABLE_NS_ASSERTIONS = NO;
				ENABLE_STRICT_OBJC_MSGSEND = YES;
				GCC_C_LANGUAGE_STANDARD = gnu11;
				GCC_NO_COMMON_BLOCKS = YES;
				GCC_WARN_64_TO_32_BIT_CONVERSION = YES;
				GCC_WARN_ABOUT_RETURN_TYPE = YES_ERROR;
				GCC_WARN_UNDECLARED_SELECTOR = YES;
				GCC_WARN_UNINITIALIZED_AUTOS = YES_AGGRESSIVE;
				GCC_WARN_UNUSED_FUNCTION = YES;
				GCC_WARN_UNUSED_VARIABLE = YES;
				IPHONEOS_DEPLOYMENT_TARGET = 15.5;
				MTL_ENABLE_DEBUG_INFO = NO;
				MTL_FAST_MATH = YES;
				SDKROOT = iphoneos;
				SWIFT_COMPILATION_MODE = wholemodule;
				SWIFT_OPTIMIZATION_LEVEL = "-O";
				VALIDATE_PRODUCT = YES;
			};
			name = Release;
		};
		FF40662328EE43A5008FB025 /* Debug */ = {
			isa = XCBuildConfiguration;
			buildSettings = {
				ASSETCATALOG_COMPILER_APPICON_NAME = AppIcon;
				ASSETCATALOG_COMPILER_GLOBAL_ACCENT_COLOR_NAME = AccentColor;
				CODE_SIGN_STYLE = Automatic;
				CURRENT_PROJECT_VERSION = 1;
				DEVELOPMENT_TEAM = 7R3RKAUHWR;
				GENERATE_INFOPLIST_FILE = YES;
				INFOPLIST_FILE = EurekaChallenge/Info.plist;
				INFOPLIST_KEY_NSCameraUsageDescription = "Please allow acces to take photo";
				INFOPLIST_KEY_NSLocationAlwaysAndWhenInUseUsageDescription = "Acces to you current location is required to show it on the map";
				INFOPLIST_KEY_NSLocationUsageDescription = "Will you allow this app to always know your location?";
				INFOPLIST_KEY_NSLocationWhenInUseUsageDescription = "Do you allow this app to know your current location?";
				INFOPLIST_KEY_NSMainNibFile = PhotoListViewController;
				INFOPLIST_KEY_UIApplicationSupportsIndirectInputEvents = YES;
				INFOPLIST_KEY_UILaunchStoryboardName = LaunchScreen;
				INFOPLIST_KEY_UISupportedInterfaceOrientations_iPad = "UIInterfaceOrientationPortrait UIInterfaceOrientationPortraitUpsideDown UIInterfaceOrientationLandscapeLeft UIInterfaceOrientationLandscapeRight";
				INFOPLIST_KEY_UISupportedInterfaceOrientations_iPhone = "UIInterfaceOrientationPortrait UIInterfaceOrientationLandscapeLeft UIInterfaceOrientationLandscapeRight";
				LD_RUNPATH_SEARCH_PATHS = (
					"$(inherited)",
					"@executable_path/Frameworks",
				);
				MARKETING_VERSION = 1.0;
				PRODUCT_BUNDLE_IDENTIFIER = "Olivera-Luciano.EurekaChallenge";
				PRODUCT_NAME = "$(TARGET_NAME)";
				SWIFT_EMIT_LOC_STRINGS = YES;
				SWIFT_VERSION = 5.0;
				TARGETED_DEVICE_FAMILY = "1,2";
			};
			name = Debug;
		};
		FF40662428EE43A5008FB025 /* Release */ = {
			isa = XCBuildConfiguration;
			buildSettings = {
				ASSETCATALOG_COMPILER_APPICON_NAME = AppIcon;
				ASSETCATALOG_COMPILER_GLOBAL_ACCENT_COLOR_NAME = AccentColor;
				CODE_SIGN_STYLE = Automatic;
				CURRENT_PROJECT_VERSION = 1;
				DEVELOPMENT_TEAM = 7R3RKAUHWR;
				GENERATE_INFOPLIST_FILE = YES;
				INFOPLIST_FILE = EurekaChallenge/Info.plist;
				INFOPLIST_KEY_NSCameraUsageDescription = "Please allow acces to take photo";
				INFOPLIST_KEY_NSLocationAlwaysAndWhenInUseUsageDescription = "Acces to you current location is required to show it on the map";
				INFOPLIST_KEY_NSLocationUsageDescription = "Will you allow this app to always know your location?";
				INFOPLIST_KEY_NSLocationWhenInUseUsageDescription = "Do you allow this app to know your current location?";
				INFOPLIST_KEY_NSMainNibFile = PhotoListViewController;
				INFOPLIST_KEY_UIApplicationSupportsIndirectInputEvents = YES;
				INFOPLIST_KEY_UILaunchStoryboardName = LaunchScreen;
				INFOPLIST_KEY_UISupportedInterfaceOrientations_iPad = "UIInterfaceOrientationPortrait UIInterfaceOrientationPortraitUpsideDown UIInterfaceOrientationLandscapeLeft UIInterfaceOrientationLandscapeRight";
				INFOPLIST_KEY_UISupportedInterfaceOrientations_iPhone = "UIInterfaceOrientationPortrait UIInterfaceOrientationLandscapeLeft UIInterfaceOrientationLandscapeRight";
				LD_RUNPATH_SEARCH_PATHS = (
					"$(inherited)",
					"@executable_path/Frameworks",
				);
				MARKETING_VERSION = 1.0;
				PRODUCT_BUNDLE_IDENTIFIER = "Olivera-Luciano.EurekaChallenge";
				PRODUCT_NAME = "$(TARGET_NAME)";
				SWIFT_EMIT_LOC_STRINGS = YES;
				SWIFT_VERSION = 5.0;
				TARGETED_DEVICE_FAMILY = "1,2";
			};
			name = Release;
		};
		FF40662628EE43A5008FB025 /* Debug */ = {
			isa = XCBuildConfiguration;
			buildSettings = {
				ALWAYS_EMBED_SWIFT_STANDARD_LIBRARIES = YES;
				BUNDLE_LOADER = "$(TEST_HOST)";
				CODE_SIGN_STYLE = Automatic;
				CURRENT_PROJECT_VERSION = 1;
				DEVELOPMENT_TEAM = 7R3RKAUHWR;
				GENERATE_INFOPLIST_FILE = YES;
				IPHONEOS_DEPLOYMENT_TARGET = 15.5;
				MARKETING_VERSION = 1.0;
				PRODUCT_BUNDLE_IDENTIFIER = "Olivera-Luciano.EurekaChallengeTests";
				PRODUCT_NAME = "$(TARGET_NAME)";
				SWIFT_EMIT_LOC_STRINGS = NO;
				SWIFT_VERSION = 5.0;
				TARGETED_DEVICE_FAMILY = "1,2";
				TEST_HOST = "$(BUILT_PRODUCTS_DIR)/EurekaChallenge.app/EurekaChallenge";
			};
			name = Debug;
		};
		FF40662728EE43A5008FB025 /* Release */ = {
			isa = XCBuildConfiguration;
			buildSettings = {
				ALWAYS_EMBED_SWIFT_STANDARD_LIBRARIES = YES;
				BUNDLE_LOADER = "$(TEST_HOST)";
				CODE_SIGN_STYLE = Automatic;
				CURRENT_PROJECT_VERSION = 1;
				DEVELOPMENT_TEAM = 7R3RKAUHWR;
				GENERATE_INFOPLIST_FILE = YES;
				IPHONEOS_DEPLOYMENT_TARGET = 15.5;
				MARKETING_VERSION = 1.0;
				PRODUCT_BUNDLE_IDENTIFIER = "Olivera-Luciano.EurekaChallengeTests";
				PRODUCT_NAME = "$(TARGET_NAME)";
				SWIFT_EMIT_LOC_STRINGS = NO;
				SWIFT_VERSION = 5.0;
				TARGETED_DEVICE_FAMILY = "1,2";
				TEST_HOST = "$(BUILT_PRODUCTS_DIR)/EurekaChallenge.app/EurekaChallenge";
			};
			name = Release;
		};
		FF40662928EE43A5008FB025 /* Debug */ = {
			isa = XCBuildConfiguration;
			buildSettings = {
				ALWAYS_EMBED_SWIFT_STANDARD_LIBRARIES = YES;
				CODE_SIGN_STYLE = Automatic;
				CURRENT_PROJECT_VERSION = 1;
				DEVELOPMENT_TEAM = 7R3RKAUHWR;
				GENERATE_INFOPLIST_FILE = YES;
				MARKETING_VERSION = 1.0;
				PRODUCT_BUNDLE_IDENTIFIER = "Olivera-Luciano.EurekaChallengeUITests";
				PRODUCT_NAME = "$(TARGET_NAME)";
				SWIFT_EMIT_LOC_STRINGS = NO;
				SWIFT_VERSION = 5.0;
				TARGETED_DEVICE_FAMILY = "1,2";
				TEST_TARGET_NAME = EurekaChallenge;
			};
			name = Debug;
		};
		FF40662A28EE43A5008FB025 /* Release */ = {
			isa = XCBuildConfiguration;
			buildSettings = {
				ALWAYS_EMBED_SWIFT_STANDARD_LIBRARIES = YES;
				CODE_SIGN_STYLE = Automatic;
				CURRENT_PROJECT_VERSION = 1;
				DEVELOPMENT_TEAM = 7R3RKAUHWR;
				GENERATE_INFOPLIST_FILE = YES;
				MARKETING_VERSION = 1.0;
				PRODUCT_BUNDLE_IDENTIFIER = "Olivera-Luciano.EurekaChallengeUITests";
				PRODUCT_NAME = "$(TARGET_NAME)";
				SWIFT_EMIT_LOC_STRINGS = NO;
				SWIFT_VERSION = 5.0;
				TARGETED_DEVICE_FAMILY = "1,2";
				TEST_TARGET_NAME = EurekaChallenge;
			};
			name = Release;
		};
/* End XCBuildConfiguration section */

/* Begin XCConfigurationList section */
		FF4065F028EE43A3008FB025 /* Build configuration list for PBXProject "EurekaChallenge" */ = {
			isa = XCConfigurationList;
			buildConfigurations = (
				FF40662028EE43A5008FB025 /* Debug */,
				FF40662128EE43A5008FB025 /* Release */,
			);
			defaultConfigurationIsVisible = 0;
			defaultConfigurationName = Release;
		};
		FF40662228EE43A5008FB025 /* Build configuration list for PBXNativeTarget "EurekaChallenge" */ = {
			isa = XCConfigurationList;
			buildConfigurations = (
				FF40662328EE43A5008FB025 /* Debug */,
				FF40662428EE43A5008FB025 /* Release */,
			);
			defaultConfigurationIsVisible = 0;
			defaultConfigurationName = Release;
		};
		FF40662528EE43A5008FB025 /* Build configuration list for PBXNativeTarget "EurekaChallengeTests" */ = {
			isa = XCConfigurationList;
			buildConfigurations = (
				FF40662628EE43A5008FB025 /* Debug */,
				FF40662728EE43A5008FB025 /* Release */,
			);
			defaultConfigurationIsVisible = 0;
			defaultConfigurationName = Release;
		};
		FF40662828EE43A5008FB025 /* Build configuration list for PBXNativeTarget "EurekaChallengeUITests" */ = {
			isa = XCConfigurationList;
			buildConfigurations = (
				FF40662928EE43A5008FB025 /* Debug */,
				FF40662A28EE43A5008FB025 /* Release */,
			);
			defaultConfigurationIsVisible = 0;
			defaultConfigurationName = Release;
		};
/* End XCConfigurationList section */

/* Begin XCVersionGroup section */
		FF40660128EE43A3008FB025 /* EurekaChallenge.xcdatamodeld */ = {
			isa = XCVersionGroup;
			children = (
				FF40660228EE43A3008FB025 /* EurekaChallenge.xcdatamodel */,
			);
			currentVersion = FF40660228EE43A3008FB025 /* EurekaChallenge.xcdatamodel */;
			path = EurekaChallenge.xcdatamodeld;
			sourceTree = "<group>";
			versionGroupType = wrapper.xcdatamodel;
		};
/* End XCVersionGroup section */
	};
	rootObject = FF4065ED28EE43A3008FB025 /* Project object */;
}
